
Microsoft Visual Studio Solution File, Format Version 12.00
# Visual Studio Version 16
VisualStudioVersion = 16.0.29123.88
MinimumVisualStudioVersion = 10.0.40219.1
Project("{FAE04EC0-301F-11D3-BF4B-00C04F79EFBC}") = "OOP_lab15", "OOP_lab15\OOP_lab15.csproj", "{12A8E4D8-7522-42F3-A597-A0398F7568C1}"
EndProject
Global
	GlobalSection(SolutionConfigurationPlatforms) = preSolution
		Debug|Any CPU = Debug|Any CPU
		Release|Any CPU = Release|Any CPU
	EndGlobalSection
	GlobalSection(ProjectConfigurationPlatforms) = postSolution
		{12A8E4D8-7522-42F3-A597-A0398F7568C1}.Debug|Any CPU.ActiveCfg = Debug|Any CPU
		{12A8E4D8-7522-42F3-A597-A0398F7568C1}.Debug|Any CPU.Build.0 = Debug|Any CPU
		{12A8E4D8-7522-42F3-A597-A0398F7568C1}.Release|Any CPU.ActiveCfg = Release|Any CPU
		{12A8E4D8-7522-42F3-A597-A0398F7568C1}.Release|Any CPU.Build.0 = Release|Any CPU
	EndGlobalSection
	GlobalSection(SolutionProperties) = preSolution
		HideSolutionNode = FALSE
	EndGlobalSection
	GlobalSection(ExtensibilityGlobals) = postSolution
		SolutionGuid = {A9AF5637-4D53-4C29-8291-FFD20095B93C}
	EndGlobalSection
EndGlobal
